
Microsoft Visual Studio Solution File, Format Version 12.00
# Visual Studio Version 17
VisualStudioVersion = 17.0.31717.71
MinimumVisualStudioVersion = 10.0.40219.1
Project("{9A19103F-16F7-4668-BE54-9A1E7A4F7556}") = "ToastSample", "ToastSample.csproj", "{A6FBD5A2-6D17-4F7C-8B55-1F21D83B8C06}"
EndProject
Project("{FAE04EC0-301F-11D3-BF4B-00C04F79EFBC}") = "ConsoleApp", "..\ConsoleApp\ConsoleApp.csproj", "{473EB6F8-DB8E-444B-85C2-6DFEFD8D77A9}"
EndProject
Global
	GlobalSection(SolutionConfigurationPlatforms) = preSolution
		Debug|Any CPU = Debug|Any CPU
		Debug|ARM = Debug|ARM
		Debug|ARM64 = Debug|ARM64
		Debug|x64 = Debug|x64
		Debug|x86 = Debug|x86
		Release|Any CPU = Release|Any CPU
		Release|ARM = Release|ARM
		Release|ARM64 = Release|ARM64
		Release|x64 = Release|x64
		Release|x86 = Release|x86
	EndGlobalSection
	GlobalSection(ProjectConfigurationPlatforms) = postSolution
		{A6FBD5A2-6D17-4F7C-8B55-1F21D83B8C06}.Debug|Any CPU.ActiveCfg = Debug|Any CPU
		{A6FBD5A2-6D17-4F7C-8B55-1F21D83B8C06}.Debug|Any CPU.Build.0 = Debug|Any CPU
		{A6FBD5A2-6D17-4F7C-8B55-1F21D83B8C06}.Debug|ARM.ActiveCfg = Debug|Any CPU
		{A6FBD5A2-6D17-4F7C-8B55-1F21D83B8C06}.Debug|ARM.Build.0 = Debug|Any CPU
		{A6FBD5A2-6D17-4F7C-8B55-1F21D83B8C06}.Debug|ARM64.ActiveCfg = Debug|Any CPU
		{A6FBD5A2-6D17-4F7C-8B55-1F21D83B8C06}.Debug|ARM64.Build.0 = Debug|Any CPU
		{A6FBD5A2-6D17-4F7C-8B55-1F21D83B8C06}.Debug|x64.ActiveCfg = Debug|Any CPU
		{A6FBD5A2-6D17-4F7C-8B55-1F21D83B8C06}.Debug|x64.Build.0 = Debug|Any CPU
		{A6FBD5A2-6D17-4F7C-8B55-1F21D83B8C06}.Debug|x86.ActiveCfg = Debug|Any CPU
		{A6FBD5A2-6D17-4F7C-8B55-1F21D83B8C06}.Debug|x86.Build.0 = Debug|Any CPU
		{A6FBD5A2-6D17-4F7C-8B55-1F21D83B8C06}.Release|Any CPU.ActiveCfg = Release|Any CPU
		{A6FBD5A2-6D17-4F7C-8B55-1F21D83B8C06}.Release|Any CPU.Build.0 = Release|Any CPU
		{A6FBD5A2-6D17-4F7C-8B55-1F21D83B8C06}.Release|ARM.ActiveCfg = Release|Any CPU
		{A6FBD5A2-6D17-4F7C-8B55-1F21D83B8C06}.Release|ARM.Build.0 = Release|Any CPU
		{A6FBD5A2-6D17-4F7C-8B55-1F21D83B8C06}.Release|ARM64.ActiveCfg = Release|Any CPU
		{A6FBD5A2-6D17-4F7C-8B55-1F21D83B8C06}.Release|ARM64.Build.0 = Release|Any CPU
		{A6FBD5A2-6D17-4F7C-8B55-1F21D83B8C06}.Release|x64.ActiveCfg = Release|Any CPU
		{A6FBD5A2-6D17-4F7C-8B55-1F21D83B8C06}.Release|x64.Build.0 = Release|Any CPU
		{A6FBD5A2-6D17-4F7C-8B55-1F21D83B8C06}.Release|x86.ActiveCfg = Release|Any CPU
		{A6FBD5A2-6D17-4F7C-8B55-1F21D83B8C06}.Release|x86.Build.0 = Release|Any CPU
		{473EB6F8-DB8E-444B-85C2-6DFEFD8D77A9}.Debug|Any CPU.ActiveCfg = Debug|Any CPU
		{473EB6F8-DB8E-444B-85C2-6DFEFD8D77A9}.Debug|Any CPU.Build.0 = Debug|Any CPU
		{473EB6F8-DB8E-444B-85C2-6DFEFD8D77A9}.Debug|ARM.ActiveCfg = Debug|Any CPU
		{473EB6F8-DB8E-444B-85C2-6DFEFD8D77A9}.Debug|ARM.Build.0 = Debug|Any CPU
		{473EB6F8-DB8E-444B-85C2-6DFEFD8D77A9}.Debug|ARM64.ActiveCfg = Debug|Any CPU
		{473EB6F8-DB8E-444B-85C2-6DFEFD8D77A9}.Debug|ARM64.Build.0 = Debug|Any CPU
		{473EB6F8-DB8E-444B-85C2-6DFEFD8D77A9}.Debug|x64.ActiveCfg = Debug|Any CPU
		{473EB6F8-DB8E-444B-85C2-6DFEFD8D77A9}.Debug|x64.Build.0 = Debug|Any CPU
		{473EB6F8-DB8E-444B-85C2-6DFEFD8D77A9}.Debug|x86.ActiveCfg = Debug|Any CPU
		{473EB6F8-DB8E-444B-85C2-6DFEFD8D77A9}.Debug|x86.Build.0 = Debug|Any CPU
		{473EB6F8-DB8E-444B-85C2-6DFEFD8D77A9}.Release|Any CPU.ActiveCfg = Release|Any CPU
		{473EB6F8-DB8E-444B-85C2-6DFEFD8D77A9}.Release|Any CPU.Build.0 = Release|Any CPU
		{473EB6F8-DB8E-444B-85C2-6DFEFD8D77A9}.Release|ARM.ActiveCfg = Release|Any CPU
		{473EB6F8-DB8E-444B-85C2-6DFEFD8D77A9}.Release|ARM.Build.0 = Release|Any CPU
		{473EB6F8-DB8E-444B-85C2-6DFEFD8D77A9}.Release|ARM64.ActiveCfg = Release|Any CPU
		{473EB6F8-DB8E-444B-85C2-6DFEFD8D77A9}.Release|ARM64.Build.0 = Release|Any CPU
		{473EB6F8-DB8E-444B-85C2-6DFEFD8D77A9}.Release|x64.ActiveCfg = Release|Any CPU
		{473EB6F8-DB8E-444B-85C2-6DFEFD8D77A9}.Release|x64.Build.0 = Release|Any CPU
		{473EB6F8-DB8E-444B-85C2-6DFEFD8D77A9}.Release|x86.ActiveCfg = Release|Any CPU
		{473EB6F8-DB8E-444B-85C2-6DFEFD8D77A9}.Release|x86.Build.0 = Release|Any CPU
	EndGlobalSection
	GlobalSection(SolutionProperties) = preSolution
		HideSolutionNode = FALSE
	EndGlobalSection
	GlobalSection(ExtensibilityGlobals) = postSolution
		SolutionGuid = {FD5CBDDE-1F79-428E-AD28-BBB48A56B8E1}
	EndGlobalSection
EndGlobal
